// !$*UTF8*$!
{
	archiveVersion = 1;
	classes = {
	};
	objectVersion = 48;
	objects = {

/* Begin PBXBuildFile section */
		794C48A31FBBD85500F9B6DA /* dateForm.swift in Sources */ = {isa = PBXBuildFile; fileRef = 794C48A21FBBD85500F9B6DA /* dateForm.swift */; };
		79C276D21FBB54EC00030EAA /* AppDelegate.swift in Sources */ = {isa = PBXBuildFile; fileRef = 79C276D11FBB54EC00030EAA /* AppDelegate.swift */; };
		79C276D41FBB54EC00030EAA /* ViewController.swift in Sources */ = {isa = PBXBuildFile; fileRef = 79C276D31FBB54EC00030EAA /* ViewController.swift */; };
		79C276D71FBB54EC00030EAA /* Main.storyboard in Resources */ = {isa = PBXBuildFile; fileRef = 79C276D51FBB54EC00030EAA /* Main.storyboard */; };
		79C276D91FBB54EC00030EAA /* Assets.xcassets in Resources */ = {isa = PBXBuildFile; fileRef = 79C276D81FBB54EC00030EAA /* Assets.xcassets */; };
		79C276DC1FBB54EC00030EAA /* LaunchScreen.storyboard in Resources */ = {isa = PBXBuildFile; fileRef = 79C276DA1FBB54EC00030EAA /* LaunchScreen.storyboard */; };
		79C276E41FBB5B0600030EAA /* timeCell.swift in Sources */ = {isa = PBXBuildFile; fileRef = 79C276E31FBB5B0600030EAA /* timeCell.swift */; };
		C1811609E76DB3B38912EBC4 /* Pods_StageCoach.framework in Frameworks */ = {isa = PBXBuildFile; fileRef = 8EA3819505D47B347F3E7194 /* Pods_StageCoach.framework */; };
/* End PBXBuildFile section */

/* Begin PBXFileReference section */
		5E25E93D8C36A8C45F73E0F3 /* Pods-StageCoach.debug.xcconfig */ = {isa = PBXFileReference; includeInIndex = 1; lastKnownFileType = text.xcconfig; name = "Pods-StageCoach.debug.xcconfig"; path = "Pods/Target Support Files/Pods-StageCoach/Pods-StageCoach.debug.xcconfig"; sourceTree = "<group>"; };
		794C48A21FBBD85500F9B6DA /* dateForm.swift */ = {isa = PBXFileReference; lastKnownFileType = sourcecode.swift; path = dateForm.swift; sourceTree = "<group>"; };
		79C276CE1FBB54EC00030EAA /* StageCoach.app */ = {isa = PBXFileReference; explicitFileType = wrapper.application; includeInIndex = 0; path = StageCoach.app; sourceTree = BUILT_PRODUCTS_DIR; };
		79C276D11FBB54EC00030EAA /* AppDelegate.swift */ = {isa = PBXFileReference; lastKnownFileType = sourcecode.swift; path = AppDelegate.swift; sourceTree = "<group>"; };
		79C276D31FBB54EC00030EAA /* ViewController.swift */ = {isa = PBXFileReference; lastKnownFileType = sourcecode.swift; path = ViewController.swift; sourceTree = "<group>"; };
		79C276D61FBB54EC00030EAA /* Base */ = {isa = PBXFileReference; lastKnownFileType = file.storyboard; name = Base; path = Base.lproj/Main.storyboard; sourceTree = "<group>"; };
		79C276D81FBB54EC00030EAA /* Assets.xcassets */ = {isa = PBXFileReference; lastKnownFileType = folder.assetcatalog; path = Assets.xcassets; sourceTree = "<group>"; };
		79C276DB1FBB54EC00030EAA /* Base */ = {isa = PBXFileReference; lastKnownFileType = file.storyboard; name = Base; path = Base.lproj/LaunchScreen.storyboard; sourceTree = "<group>"; };
		79C276DD1FBB54EC00030EAA /* Info.plist */ = {isa = PBXFileReference; lastKnownFileType = text.plist.xml; path = Info.plist; sourceTree = "<group>"; };
		79C276E31FBB5B0600030EAA /* timeCell.swift */ = {isa = PBXFileReference; lastKnownFileType = sourcecode.swift; path = timeCell.swift; sourceTree = "<group>"; };
		8EA3819505D47B347F3E7194 /* Pods_StageCoach.framework */ = {isa = PBXFileReference; explicitFileType = wrapper.framework; includeInIndex = 0; path = Pods_StageCoach.framework; sourceTree = BUILT_PRODUCTS_DIR; };
		BEA700898C01FDFE3F1B076B /* Pods-StageCoach.release.xcconfig */ = {isa = PBXFileReference; includeInIndex = 1; lastKnownFileType = text.xcconfig; name = "Pods-StageCoach.release.xcconfig"; path = "Pods/Target Support Files/Pods-StageCoach/Pods-StageCoach.release.xcconfig"; sourceTree = "<group>"; };
/* End PBXFileReference section */

/* Begin PBXFrameworksBuildPhase section */
		79C276CB1FBB54EC00030EAA /* Frameworks */ = {
			isa = PBXFrameworksBuildPhase;
			buildActionMask = 2147483647;
			files = (
				C1811609E76DB3B38912EBC4 /* Pods_StageCoach.framework in Frameworks */,
			);
			runOnlyForDeploymentPostprocessing = 0;
		};
/* End PBXFrameworksBuildPhase section */

/* Begin PBXGroup section */
		039B92DA3E37EFE4C2247D24 /* Frameworks */ = {
			isa = PBXGroup;
			children = (
				8EA3819505D47B347F3E7194 /* Pods_StageCoach.framework */,
			);
			name = Frameworks;
			sourceTree = "<group>";
		};
		79C276C51FBB54EC00030EAA = {
			isa = PBXGroup;
			children = (
				79C276D01FBB54EC00030EAA /* StageCoach */,
				79C276CF1FBB54EC00030EAA /* Products */,
				8BC5841FB6A46B01E46C66A4 /* Pods */,
				039B92DA3E37EFE4C2247D24 /* Frameworks */,
			);
			sourceTree = "<group>";
		};
		79C276CF1FBB54EC00030EAA /* Products */ = {
			isa = PBXGroup;
			children = (
				79C276CE1FBB54EC00030EAA /* StageCoach.app */,
			);
			name = Products;
			sourceTree = "<group>";
		};
		79C276D01FBB54EC00030EAA /* StageCoach */ = {
			isa = PBXGroup;
			children = (
				79C276D11FBB54EC00030EAA /* AppDelegate.swift */,
				79C276D31FBB54EC00030EAA /* ViewController.swift */,
				79C276D51FBB54EC00030EAA /* Main.storyboard */,
				79C276D81FBB54EC00030EAA /* Assets.xcassets */,
				79C276DA1FBB54EC00030EAA /* LaunchScreen.storyboard */,
				79C276DD1FBB54EC00030EAA /* Info.plist */,
				79C276E31FBB5B0600030EAA /* timeCell.swift */,
				794C48A21FBBD85500F9B6DA /* dateForm.swift */,
			);
			path = StageCoach;
			sourceTree = "<group>";
		};
		8BC5841FB6A46B01E46C66A4 /* Pods */ = {
			isa = PBXGroup;
			children = (
				5E25E93D8C36A8C45F73E0F3 /* Pods-StageCoach.debug.xcconfig */,
				BEA700898C01FDFE3F1B076B /* Pods-StageCoach.release.xcconfig */,
			);
			name = Pods;
			sourceTree = "<group>";
		};
/* End PBXGroup section */

/* Begin PBXNativeTarget section */
		79C276CD1FBB54EC00030EAA /* StageCoach */ = {
			isa = PBXNativeTarget;
			buildConfigurationList = 79C276E01FBB54EC00030EAA /* Build configuration list for PBXNativeTarget "StageCoach" */;
			buildPhases = (
				4B6B772BB19D7F274BBBFDC6 /* [CP] Check Pods Manifest.lock */,
				79C276CA1FBB54EC00030EAA /* Sources */,
				79C276CB1FBB54EC00030EAA /* Frameworks */,
				79C276CC1FBB54EC00030EAA /* Resources */,
				2188491E2DB940AD3769D1AB /* [CP] Embed Pods Frameworks */,
				537286E398B0A818B8FB7EDD /* [CP] Copy Pods Resources */,
			);
			buildRules = (
			);
			dependencies = (
			);
			name = StageCoach;
			productName = StageCoach;
			productReference = 79C276CE1FBB54EC00030EAA /* StageCoach.app */;
			productType = "com.apple.product-type.application";
		};
/* End PBXNativeTarget section */

/* Begin PBXProject section */
		79C276C61FBB54EC00030EAA /* Project object */ = {
			isa = PBXProject;
			attributes = {
				LastSwiftUpdateCheck = 0910;
				LastUpgradeCheck = 0910;
				ORGANIZATIONNAME = "Nami Shah";
				TargetAttributes = {
					79C276CD1FBB54EC00030EAA = {
						CreatedOnToolsVersion = 9.1;
						ProvisioningStyle = Automatic;
					};
				};
			};
			buildConfigurationList = 79C276C91FBB54EC00030EAA /* Build configuration list for PBXProject "StageCoach" */;
			compatibilityVersion = "Xcode 8.0";
			developmentRegion = en;
			hasScannedForEncodings = 0;
			knownRegions = (
				en,
				Base,
			);
			mainGroup = 79C276C51FBB54EC00030EAA;
			productRefGroup = 79C276CF1FBB54EC00030EAA /* Products */;
			projectDirPath = "";
			projectRoot = "";
			targets = (
				79C276CD1FBB54EC00030EAA /* StageCoach */,
			);
		};
/* End PBXProject section */

/* Begin PBXResourcesBuildPhase section */
		79C276CC1FBB54EC00030EAA /* Resources */ = {
			isa = PBXResourcesBuildPhase;
			buildActionMask = 2147483647;
			files = (
				79C276DC1FBB54EC00030EAA /* LaunchScreen.storyboard in Resources */,
				79C276D91FBB54EC00030EAA /* Assets.xcassets in Resources */,
				79C276D71FBB54EC00030EAA /* Main.storyboard in Resources */,
			);
			runOnlyForDeploymentPostprocessing = 0;
		};
/* End PBXResourcesBuildPhase section */

/* Begin PBXShellScriptBuildPhase section */
		2188491E2DB940AD3769D1AB /* [CP] Embed Pods Frameworks */ = {
			isa = PBXShellScriptBuildPhase;
			buildActionMask = 2147483647;
			files = (
			);
			inputPaths = (
				"${SRCROOT}/Pods/Target Support Files/Pods-StageCoach/Pods-StageCoach-frameworks.sh",
				"${BUILT_PRODUCTS_DIR}/Alamofire/Alamofire.framework",
				"${BUILT_PRODUCTS_DIR}/Eureka/Eureka.framework",
				"${BUILT_PRODUCTS_DIR}/FCAlertView/FCAlertView.framework",
				"${BUILT_PRODUCTS_DIR}/Spruce/Spruce.framework",
				"${BUILT_PRODUCTS_DIR}/SwiftOverlays/SwiftOverlays.framework",
				"${BUILT_PRODUCTS_DIR}/SwiftyJSON/SwiftyJSON.framework",
			);
			name = "[CP] Embed Pods Frameworks";
			outputPaths = (
				"${TARGET_BUILD_DIR}/${FRAMEWORKS_FOLDER_PATH}/Alamofire.framework",
				"${TARGET_BUILD_DIR}/${FRAMEWORKS_FOLDER_PATH}/Eureka.framework",
				"${TARGET_BUILD_DIR}/${FRAMEWORKS_FOLDER_PATH}/FCAlertView.framework",
				"${TARGET_BUILD_DIR}/${FRAMEWORKS_FOLDER_PATH}/Spruce.framework",
				"${TARGET_BUILD_DIR}/${FRAMEWORKS_FOLDER_PATH}/SwiftOverlays.framework",
				"${TARGET_BUILD_DIR}/${FRAMEWORKS_FOLDER_PATH}/SwiftyJSON.framework",
			);
			runOnlyForDeploymentPostprocessing = 0;
			shellPath = /bin/sh;
			shellScript = "\"${SRCROOT}/Pods/Target Support Files/Pods-StageCoach/Pods-StageCoach-frameworks.sh\"\n";
			showEnvVarsInLog = 0;
		};
		4B6B772BB19D7F274BBBFDC6 /* [CP] Check Pods Manifest.lock */ = {
			isa = PBXShellScriptBuildPhase;
			buildActionMask = 2147483647;
			files = (
			);
			inputPaths = (
				"${PODS_PODFILE_DIR_PATH}/Podfile.lock",
				"${PODS_ROOT}/Manifest.lock",
			);
			name = "[CP] Check Pods Manifest.lock";
			outputPaths = (
				"$(DERIVED_FILE_DIR)/Pods-StageCoach-checkManifestLockResult.txt",
			);
			runOnlyForDeploymentPostprocessing = 0;
			shellPath = /bin/sh;
			shellScript = "diff \"${PODS_PODFILE_DIR_PATH}/Podfile.lock\" \"${PODS_ROOT}/Manifest.lock\" > /dev/null\nif [ $? != 0 ] ; then\n    # print error to STDERR\n    echo \"error: The sandbox is not in sync with the Podfile.lock. Run 'pod install' or update your CocoaPods installation.\" >&2\n    exit 1\nfi\n# This output is used by Xcode 'outputs' to avoid re-running this script phase.\necho \"SUCCESS\" > \"${SCRIPT_OUTPUT_FILE_0}\"\n";
			showEnvVarsInLog = 0;
		};
		537286E398B0A818B8FB7EDD /* [CP] Copy Pods Resources */ = {
			isa = PBXShellScriptBuildPhase;
			buildActionMask = 2147483647;
			files = (
			);
			inputPaths = (
			);
			name = "[CP] Copy Pods Resources";
			outputPaths = (
			);
			runOnlyForDeploymentPostprocessing = 0;
			shellPath = /bin/sh;
			shellScript = "\"${SRCROOT}/Pods/Target Support Files/Pods-StageCoach/Pods-StageCoach-resources.sh\"\n";
			showEnvVarsInLog = 0;
		};
/* End PBXShellScriptBuildPhase section */

/* Begin PBXSourcesBuildPhase section */
		79C276CA1FBB54EC00030EAA /* Sources */ = {
			isa = PBXSourcesBuildPhase;
			buildActionMask = 2147483647;
			files = (
				79C276D41FBB54EC00030EAA /* ViewController.swift in Sources */,
				79C276D21FBB54EC00030EAA /* AppDelegate.swift in Sources */,
				79C276E41FBB5B0600030EAA /* timeCell.swift in Sources */,
				794C48A31FBBD85500F9B6DA /* dateForm.swift in Sources */,
			);
			runOnlyForDeploymentPostprocessing = 0;
		};
/* End PBXSourcesBuildPhase section */

/* Begin PBXVariantGroup section */
		79C276D51FBB54EC00030EAA /* Main.storyboard */ = {
			isa = PBXVariantGroup;
			children = (
				79C276D61FBB54EC00030EAA /* Base */,
			);
			name = Main.storyboard;
			sourceTree = "<group>";
		};
		79C276DA1FBB54EC00030EAA /* LaunchScreen.storyboard */ = {
			isa = PBXVariantGroup;
			children = (
				79C276DB1FBB54EC00030EAA /* Base */,
			);
			name = LaunchScreen.storyboard;
			sourceTree = "<group>";
		};
/* End PBXVariantGroup section */

/* Begin XCBuildConfiguration section */
		79C276DE1FBB54EC00030EAA /* Debug */ = {
			isa = XCBuildConfiguration;
			buildSettings = {
				ALWAYS_SEARCH_USER_PATHS = NO;
				CLANG_ANALYZER_NONNULL = YES;
				CLANG_ANALYZER_NUMBER_OBJECT_CONVERSION = YES_AGGRESSIVE;
				CLANG_CXX_LANGUAGE_STANDARD = "gnu++14";
				CLANG_CXX_LIBRARY = "libc++";
				CLANG_ENABLE_MODULES = YES;
				CLANG_ENABLE_OBJC_ARC = YES;
				CLANG_WARN_BLOCK_CAPTURE_AUTORELEASING = YES;
				CLANG_WARN_BOOL_CONVERSION = YES;
				CLANG_WARN_COMMA = YES;
				CLANG_WARN_CONSTANT_CONVERSION = YES;
				CLANG_WARN_DIRECT_OBJC_ISA_USAGE = YES_ERROR;
				CLANG_WARN_DOCUMENTATION_COMMENTS = YES;
				CLANG_WARN_EMPTY_BODY = YES;
				CLANG_WARN_ENUM_CONVERSION = YES;
				CLANG_WARN_INFINITE_RECURSION = YES;
				CLANG_WARN_INT_CONVERSION = YES;
				CLANG_WARN_NON_LITERAL_NULL_CONVERSION = YES;
				CLANG_WARN_OBJC_LITERAL_CONVERSION = YES;
				CLANG_WARN_OBJC_ROOT_CLASS = YES_ERROR;
				CLANG_WARN_RANGE_LOOP_ANALYSIS = YES;
				CLANG_WARN_STRICT_PROTOTYPES = YES;
				CLANG_WARN_SUSPICIOUS_MOVE = YES;
				CLANG_WARN_UNGUARDED_AVAILABILITY = YES_AGGRESSIVE;
				CLANG_WARN_UNREACHABLE_CODE = YES;
				CLANG_WARN__DUPLICATE_METHOD_MATCH = YES;
				CODE_SIGN_IDENTITY = "iPhone Developer";
				COPY_PHASE_STRIP = NO;
				DEBUG_INFORMATION_FORMAT = dwarf;
				ENABLE_STRICT_OBJC_MSGSEND = YES;
				ENABLE_TESTABILITY = YES;
				GCC_C_LANGUAGE_STANDARD = gnu11;
				GCC_DYNAMIC_NO_PIC = NO;
				GCC_NO_COMMON_BLOCKS = YES;
				GCC_OPTIMIZATION_LEVEL = 0;
				GCC_PREPROCESSOR_DEFINITIONS = (
					"DEBUG=1",
					"$(inherited)",
				);
				GCC_WARN_64_TO_32_BIT_CONVERSION = YES;
				GCC_WARN_ABOUT_RETURN_TYPE = YES_ERROR;
				GCC_WARN_UNDECLARED_SELECTOR = YES;
				GCC_WARN_UNINITIALIZED_AUTOS = YES_AGGRESSIVE;
				GCC_WARN_UNUSED_FUNCTION = YES;
				GCC_WARN_UNUSED_VARIABLE = YES;
				IPHONEOS_DEPLOYMENT_TARGET = 11.1;
				MTL_ENABLE_DEBUG_INFO = YES;
				ONLY_ACTIVE_ARCH = YES;
				SDKROOT = iphoneos;
				SWIFT_ACTIVE_COMPILATION_CONDITIONS = DEBUG;
				SWIFT_OPTIMIZATION_LEVEL = "-Onone";
			};
			name = Debug;
		};
		79C276DF1FBB54EC00030EAA /* Release */ = {
			isa = XCBuildConfiguration;
			buildSettings = {
				ALWAYS_SEARCH_USER_PATHS = NO;
				CLANG_ANALYZER_NONNULL = YES;
				CLANG_ANALYZER_NUMBER_OBJECT_CONVERSION = YES_AGGRESSIVE;
				CLANG_CXX_LANGUAGE_STANDARD = "gnu++14";
				CLANG_CXX_LIBRARY = "libc++";
				CLANG_ENABLE_MODULES = YES;
				CLANG_ENABLE_OBJC_ARC = YES;
				CLANG_WARN_BLOCK_CAPTURE_AUTORELEASING = YES;
				CLANG_WARN_BOOL_CONVERSION = YES;
				CLANG_WARN_COMMA = YES;
				CLANG_WARN_CONSTANT_CONVERSION = YES;
				CLANG_WARN_DIRECT_OBJC_ISA_USAGE = YES_ERROR;
				CLANG_WARN_DOCUMENTATION_COMMENTS = YES;
				CLANG_WARN_EMPTY_BODY = YES;
				CLANG_WARN_ENUM_CONVERSION = YES;
				CLANG_WARN_INFINITE_RECURSION = YES;
				CLANG_WARN_INT_CONVERSION = YES;
				CLANG_WARN_NON_LITERAL_NULL_CONVERSION = YES;
				CLANG_WARN_OBJC_LITERAL_CONVERSION = YES;
				CLANG_WARN_OBJC_ROOT_CLASS = YES_ERROR;
				CLANG_WARN_RANGE_LOOP_ANALYSIS = YES;
				CLANG_WARN_STRICT_PROTOTYPES = YES;
				CLANG_WARN_SUSPICIOUS_MOVE = YES;
				CLANG_WARN_UNGUARDED_AVAILABILITY = YES_AGGRESSIVE;
				CLANG_WARN_UNREACHABLE_CODE = YES;
				CLANG_WARN__DUPLICATE_METHOD_MATCH = YES;
				CODE_SIGN_IDENTITY = "iPhone Developer";
				COPY_PHASE_STRIP = NO;
				DEBUG_INFORMATION_FORMAT = "dwarf-with-dsym";
				ENABLE_NS_ASSERTIONS = NO;
				ENABLE_STRICT_OBJC_MSGSEND = YES;
				GCC_C_LANGUAGE_STANDARD = gnu11;
				GCC_NO_COMMON_BLOCKS = YES;
				GCC_WARN_64_TO_32_BIT_CONVERSION = YES;
				GCC_WARN_ABOUT_RETURN_TYPE = YES_ERROR;
				GCC_WARN_UNDECLARED_SELECTOR = YES;
				GCC_WARN_UNINITIALIZED_AUTOS = YES_AGGRESSIVE;
				GCC_WARN_UNUSED_FUNCTION = YES;
				GCC_WARN_UNUSED_VARIABLE = YES;
				IPHONEOS_DEPLOYMENT_TARGET = 11.1;
				MTL_ENABLE_DEBUG_INFO = NO;
				SDKROOT = iphoneos;
				SWIFT_OPTIMIZATION_LEVEL = "-Owholemodule";
				VALIDATE_PRODUCT = YES;
			};
			name = Release;
		};
		79C276E11FBB54EC00030EAA /* Debug */ = {
			isa = XCBuildConfiguration;
			baseConfigurationReference = 5E25E93D8C36A8C45F73E0F3 /* Pods-StageCoach.debug.xcconfig */;
			buildSettings = {
				ASSETCATALOG_COMPILER_APPICON_NAME = AppIcon;
				CODE_SIGN_STYLE = Automatic;
				DEVELOPMENT_TEAM = BYCJTAN6FV;
				INFOPLIST_FILE = StageCoach/Info.plist;
				LD_RUNPATH_SEARCH_PATHS = "$(inherited) @executable_path/Frameworks";
				PRODUCT_BUNDLE_IDENTIFIER = com.shahnami.ios.StageCoach;
				PRODUCT_NAME = "$(TARGET_NAME)";
				SWIFT_VERSION = 4.0;
				TARGETED_DEVICE_FAMILY = "1,2";
			};
			name = Debug;
		};
		79C276E21FBB54EC00030EAA /* Release */ = {
			isa = XCBuildConfiguration;
			baseConfigurationReference = BEA700898C01FDFE3F1B076B /* Pods-StageCoach.release.xcconfig */;
			buildSettings = {
				ASSETCATALOG_COMPILER_APPICON_NAME = AppIcon;
				CODE_SIGN_STYLE = Automatic;
				DEVELOPMENT_TEAM = BYCJTAN6FV;
				INFOPLIST_FILE = StageCoach/Info.plist;
				LD_RUNPATH_SEARCH_PATHS = "$(inherited) @executable_path/Frameworks";
				PRODUCT_BUNDLE_IDENTIFIER = com.shahnami.ios.StageCoach;
				PRODUCT_NAME = "$(TARGET_NAME)";
				SWIFT_VERSION = 4.0;
				TARGETED_DEVICE_FAMILY = "1,2";
			};
			name = Release;
		};
/* End XCBuildConfiguration section */

/* Begin XCConfigurationList section */
		79C276C91FBB54EC00030EAA /* Build configuration list for PBXProject "StageCoach" */ = {
			isa = XCConfigurationList;
			buildConfigurations = (
				79C276DE1FBB54EC00030EAA /* Debug */,
				79C276DF1FBB54EC00030EAA /* Release */,
			);
			defaultConfigurationIsVisible = 0;
			defaultConfigurationName = Release;
		};
		79C276E01FBB54EC00030EAA /* Build configuration list for PBXNativeTarget "StageCoach" */ = {
			isa = XCConfigurationList;
			buildConfigurations = (
				79C276E11FBB54EC00030EAA /* Debug */,
				79C276E21FBB54EC00030EAA /* Release */,
			);
			defaultConfigurationIsVisible = 0;
			defaultConfigurationName = Release;
		};
/* End XCConfigurationList section */
	};
	rootObject = 79C276C61FBB54EC00030EAA /* Project object */;
}
